
Microsoft Visual Studio Solution File, Format Version 12.00
# Visual Studio Version 16
VisualStudioVersion = 16.0.30204.135
MinimumVisualStudioVersion = 10.0.40219.1
Project("{9A19103F-16F7-4668-BE54-9A1E7A4F7556}") = "DroneTest.Agent", "DroneTest.Agent.csproj", "{D150FD29-A68E-4B2B-AC78-E80D684A9FC4}"
EndProject
Project("{FAE04EC0-301F-11D3-BF4B-00C04F79EFBC}") = "DroneTest.AgentService", "DroneTest.AgentService\DroneTest.AgentService.csproj", "{5087FCDE-8E93-48E5-A9EB-4398AB0AAB0C}"
EndProject
Global
	GlobalSection(SolutionConfigurationPlatforms) = preSolution
		Debug|Any CPU = Debug|Any CPU
		Release|Any CPU = Release|Any CPU
	EndGlobalSection
	GlobalSection(ProjectConfigurationPlatforms) = postSolution
		{D150FD29-A68E-4B2B-AC78-E80D684A9FC4}.Debug|Any CPU.ActiveCfg = Debug|Any CPU
		{D150FD29-A68E-4B2B-AC78-E80D684A9FC4}.Debug|Any CPU.Build.0 = Debug|Any CPU
		{D150FD29-A68E-4B2B-AC78-E80D684A9FC4}.Release|Any CPU.ActiveCfg = Release|Any CPU
		{D150FD29-A68E-4B2B-AC78-E80D684A9FC4}.Release|Any CPU.Build.0 = Release|Any CPU
		{5087FCDE-8E93-48E5-A9EB-4398AB0AAB0C}.Debug|Any CPU.ActiveCfg = Debug|Any CPU
		{5087FCDE-8E93-48E5-A9EB-4398AB0AAB0C}.Debug|Any CPU.Build.0 = Debug|Any CPU
		{5087FCDE-8E93-48E5-A9EB-4398AB0AAB0C}.Release|Any CPU.ActiveCfg = Release|Any CPU
		{5087FCDE-8E93-48E5-A9EB-4398AB0AAB0C}.Release|Any CPU.Build.0 = Release|Any CPU
	EndGlobalSection
	GlobalSection(SolutionProperties) = preSolution
		HideSolutionNode = FALSE
	EndGlobalSection
	GlobalSection(ExtensibilityGlobals) = postSolution
		SolutionGuid = {CC26D157-8CA1-483D-8121-F1E6F1579027}
	EndGlobalSection
EndGlobal
